// !$*UTF8*$!
{
	archiveVersion = 1;
	classes = {
	};
	objectVersion = 50;
	objects = {

/* Begin PBXBuildFile section */
		B153C557246AD65800B464C7 /* AppDelegate.m in Sources */ = {isa = PBXBuildFile; fileRef = B153C556246AD65800B464C7 /* AppDelegate.m */; };
		B153C55A246AD65800B464C7 /* SceneDelegate.m in Sources */ = {isa = PBXBuildFile; fileRef = B153C559246AD65800B464C7 /* SceneDelegate.m */; };
		B153C55D246AD65800B464C7 /* ViewController.m in Sources */ = {isa = PBXBuildFile; fileRef = B153C55C246AD65800B464C7 /* ViewController.m */; };
		B153C560246AD65800B464C7 /* Main.storyboard in Resources */ = {isa = PBXBuildFile; fileRef = B153C55E246AD65800B464C7 /* Main.storyboard */; };
		B153C562246AD65A00B464C7 /* Assets.xcassets in Resources */ = {isa = PBXBuildFile; fileRef = B153C561246AD65A00B464C7 /* Assets.xcassets */; };
		B153C565246AD65A00B464C7 /* LaunchScreen.storyboard in Resources */ = {isa = PBXBuildFile; fileRef = B153C563246AD65A00B464C7 /* LaunchScreen.storyboard */; };
		B153C568246AD65A00B464C7 /* main.m in Sources */ = {isa = PBXBuildFile; fileRef = B153C567246AD65A00B464C7 /* main.m */; };
/* End PBXBuildFile section */

/* Begin PBXFileReference section */
		B153C552246AD65800B464C7 /* Dummy.app */ = {isa = PBXFileReference; explicitFileType = wrapper.application; includeInIndex = 0; path = Dummy.app; sourceTree = BUILT_PRODUCTS_DIR; };
		B153C555246AD65800B464C7 /* AppDelegate.h */ = {isa = PBXFileReference; lastKnownFileType = sourcecode.c.h; path = AppDelegate.h; sourceTree = "<group>"; };
		B153C556246AD65800B464C7 /* AppDelegate.m */ = {isa = PBXFileReference; lastKnownFileType = sourcecode.c.objc; path = AppDelegate.m; sourceTree = "<group>"; };
		B153C558246AD65800B464C7 /* SceneDelegate.h */ = {isa = PBXFileReference; lastKnownFileType = sourcecode.c.h; path = SceneDelegate.h; sourceTree = "<group>"; };
		B153C559246AD65800B464C7 /* SceneDelegate.m */ = {isa = PBXFileReference; lastKnownFileType = sourcecode.c.objc; path = SceneDelegate.m; sourceTree = "<group>"; };
		B153C55B246AD65800B464C7 /* ViewController.h */ = {isa = PBXFileReference; lastKnownFileType = sourcecode.c.h; path = ViewController.h; sourceTree = "<group>"; };
		B153C55C246AD65800B464C7 /* ViewController.m */ = {isa = PBXFileReference; lastKnownFileType = sourcecode.c.objc; path = ViewController.m; sourceTree = "<group>"; };
		B153C55F246AD65800B464C7 /* Base */ = {isa = PBXFileReference; lastKnownFileType = file.storyboard; name = Base; path = Base.lproj/Main.storyboard; sourceTree = "<group>"; };
		B153C561246AD65A00B464C7 /* Assets.xcassets */ = {isa = PBXFileReference; lastKnownFileType = folder.assetcatalog; path = Assets.xcassets; sourceTree = "<group>"; };
		B153C564246AD65A00B464C7 /* Base */ = {isa = PBXFileReference; lastKnownFileType = file.storyboard; name = Base; path = Base.lproj/LaunchScreen.storyboard; sourceTree = "<group>"; };
		B153C566246AD65A00B464C7 /* Info.plist */ = {isa = PBXFileReference; lastKnownFileType = text.plist.xml; path = Info.plist; sourceTree = "<group>"; };
		B153C567246AD65A00B464C7 /* main.m */ = {isa = PBXFileReference; lastKnownFileType = sourcecode.c.objc; path = main.m; sourceTree = "<group>"; };
/* End PBXFileReference section */

/* Begin PBXFrameworksBuildPhase section */
		B153C54F246AD65800B464C7 /* Frameworks */ = {
			isa = PBXFrameworksBuildPhase;
			buildActionMask = 2147483647;
			files = (
			);
			runOnlyForDeploymentPostprocessing = 0;
		};
/* End PBXFrameworksBuildPhase section */

/* Begin PBXGroup section */
		B153C549246AD65800B464C7 = {
			isa = PBXGroup;
			children = (
				B153C554246AD65800B464C7 /* Dummy */,
				B153C553246AD65800B464C7 /* Products */,
			);
			sourceTree = "<group>";
		};
		B153C553246AD65800B464C7 /* Products */ = {
			isa = PBXGroup;
			children = (
				B153C552246AD65800B464C7 /* Dummy.app */,
			);
			name = Products;
			sourceTree = "<group>";
		};
		B153C554246AD65800B464C7 /* Dummy */ = {
			isa = PBXGroup;
			children = (
				B153C555246AD65800B464C7 /* AppDelegate.h */,
				B153C556246AD65800B464C7 /* AppDelegate.m */,
				B153C558246AD65800B464C7 /* SceneDelegate.h */,
				B153C559246AD65800B464C7 /* SceneDelegate.m */,
				B153C55B246AD65800B464C7 /* ViewController.h */,
				B153C55C246AD65800B464C7 /* ViewController.m */,
				B153C55E246AD65800B464C7 /* Main.storyboard */,
				B153C561246AD65A00B464C7 /* Assets.xcassets */,
				B153C563246AD65A00B464C7 /* LaunchScreen.storyboard */,
				B153C566246AD65A00B464C7 /* Info.plist */,
				B153C567246AD65A00B464C7 /* main.m */,
			);
			path = Dummy;
			sourceTree = "<group>";
		};
/* End PBXGroup section */

/* Begin PBXNativeTarget section */
		B153C551246AD65800B464C7 /* Dummy */ = {
			isa = PBXNativeTarget;
			buildConfigurationList = B153C56B246AD65A00B464C7 /* Build configuration list for PBXNativeTarget "Dummy" */;
			buildPhases = (
				B153C54E246AD65800B464C7 /* Sources */,
				B153C54F246AD65800B464C7 /* Frameworks */,
				B153C550246AD65800B464C7 /* Resources */,
			);
			buildRules = (
			);
			dependencies = (
			);
			name = Dummy;
			productName = Dummy;
			productReference = B153C552246AD65800B464C7 /* Dummy.app */;
			productType = "com.apple.product-type.application";
		};
/* End PBXNativeTarget section */

/* Begin PBXProject section */
		B153C54A246AD65800B464C7 /* Project object */ = {
			isa = PBXProject;
			attributes = {
				LastUpgradeCheck = 1120;
				ORGANIZATIONNAME = Vonage;
				TargetAttributes = {
					B153C551246AD65800B464C7 = {
						CreatedOnToolsVersion = 11.2.1;
					};
				};
			};
			buildConfigurationList = B153C54D246AD65800B464C7 /* Build configuration list for PBXProject "Dummy" */;
			compatibilityVersion = "Xcode 9.3";
			developmentRegion = en;
			hasScannedForEncodings = 0;
			knownRegions = (
				en,
				Base,
			);
			mainGroup = B153C549246AD65800B464C7;
			productRefGroup = B153C553246AD65800B464C7 /* Products */;
			projectDirPath = "";
			projectRoot = "";
			targets = (
				B153C551246AD65800B464C7 /* Dummy */,
			);
		};
/* End PBXProject section */

/* Begin PBXResourcesBuildPhase section */
		B153C550246AD65800B464C7 /* Resources */ = {
			isa = PBXResourcesBuildPhase;
			buildActionMask = 2147483647;
			files = (
				B153C565246AD65A00B464C7 /* LaunchScreen.storyboard in Resources */,
				B153C562246AD65A00B464C7 /* Assets.xcassets in Resources */,
				B153C560246AD65800B464C7 /* Main.storyboard in Resources */,
			);
			runOnlyForDeploymentPostprocessing = 0;
		};
/* End PBXResourcesBuildPhase section */

/* Begin PBXSourcesBuildPhase section */
		B153C54E246AD65800B464C7 /* Sources */ = {
			isa = PBXSourcesBuildPhase;
			buildActionMask = 2147483647;
			files = (
				B153C55D246AD65800B464C7 /* ViewController.m in Sources */,
				B153C557246AD65800B464C7 /* AppDelegate.m in Sources */,
				B153C568246AD65A00B464C7 /* main.m in Sources */,
				B153C55A246AD65800B464C7 /* SceneDelegate.m in Sources */,
			);
			runOnlyForDeploymentPostprocessing = 0;
		};
/* End PBXSourcesBuildPhase section */

/* Begin PBXVariantGroup section */
		B153C55E246AD65800B464C7 /* Main.storyboard */ = {
			isa = PBXVariantGroup;
			children = (
				B153C55F246AD65800B464C7 /* Base */,
			);
			name = Main.storyboard;
			sourceTree = "<group>";
		};
		B153C563246AD65A00B464C7 /* LaunchScreen.storyboard */ = {
			isa = PBXVariantGroup;
			children = (
				B153C564246AD65A00B464C7 /* Base */,
			);
			name = LaunchScreen.storyboard;
			sourceTree = "<group>";
		};
/* End PBXVariantGroup section */

/* Begin XCBuildConfiguration section */
		B153C569246AD65A00B464C7 /* Debug */ = {
			isa = XCBuildConfiguration;
			buildSettings = {
				ALWAYS_SEARCH_USER_PATHS = NO;
				CLANG_ANALYZER_NONNULL = YES;
				CLANG_ANALYZER_NUMBER_OBJECT_CONVERSION = YES_AGGRESSIVE;
				CLANG_CXX_LANGUAGE_STANDARD = "gnu++14";
				CLANG_CXX_LIBRARY = "libc++";
				CLANG_ENABLE_MODULES = YES;
				CLANG_ENABLE_OBJC_ARC = YES;
				CLANG_ENABLE_OBJC_WEAK = YES;
				CLANG_WARN_BLOCK_CAPTURE_AUTORELEASING = YES;
				CLANG_WARN_BOOL_CONVERSION = YES;
				CLANG_WARN_COMMA = YES;
				CLANG_WARN_CONSTANT_CONVERSION = YES;
				CLANG_WARN_DEPRECATED_OBJC_IMPLEMENTATIONS = YES;
				CLANG_WARN_DIRECT_OBJC_ISA_USAGE = YES_ERROR;
				CLANG_WARN_DOCUMENTATION_COMMENTS = YES;
				CLANG_WARN_EMPTY_BODY = YES;
				CLANG_WARN_ENUM_CONVERSION = YES;
				CLANG_WARN_INFINITE_RECURSION = YES;
				CLANG_WARN_INT_CONVERSION = YES;
				CLANG_WARN_NON_LITERAL_NULL_CONVERSION = YES;
				CLANG_WARN_OBJC_IMPLICIT_RETAIN_SELF = YES;
				CLANG_WARN_OBJC_LITERAL_CONVERSION = YES;
				CLANG_WARN_OBJC_ROOT_CLASS = YES_ERROR;
				CLANG_WARN_RANGE_LOOP_ANALYSIS = YES;
				CLANG_WARN_STRICT_PROTOTYPES = YES;
				CLANG_WARN_SUSPICIOUS_MOVE = YES;
				CLANG_WARN_UNGUARDED_AVAILABILITY = YES_AGGRESSIVE;
				CLANG_WARN_UNREACHABLE_CODE = YES;
				CLANG_WARN__DUPLICATE_METHOD_MATCH = YES;
				COPY_PHASE_STRIP = NO;
				DEBUG_INFORMATION_FORMAT = dwarf;
				ENABLE_STRICT_OBJC_MSGSEND = YES;
				ENABLE_TESTABILITY = YES;
				GCC_C_LANGUAGE_STANDARD = gnu11;
				GCC_DYNAMIC_NO_PIC = NO;
				GCC_NO_COMMON_BLOCKS = YES;
				GCC_OPTIMIZATION_LEVEL = 0;
				GCC_PREPROCESSOR_DEFINITIONS = (
					"DEBUG=1",
					"$(inherited)",
				);
				GCC_WARN_64_TO_32_BIT_CONVERSION = YES;
				GCC_WARN_ABOUT_RETURN_TYPE = YES_ERROR;
				GCC_WARN_UNDECLARED_SELECTOR = YES;
				GCC_WARN_UNINITIALIZED_AUTOS = YES_AGGRESSIVE;
				GCC_WARN_UNUSED_FUNCTION = YES;
				GCC_WARN_UNUSED_VARIABLE = YES;
				IPHONEOS_DEPLOYMENT_TARGET = 13.2;
				MTL_ENABLE_DEBUG_INFO = INCLUDE_SOURCE;
				MTL_FAST_MATH = YES;
				ONLY_ACTIVE_ARCH = YES;
				SDKROOT = iphoneos;
			};
			name = Debug;
		};
		B153C56A246AD65A00B464C7 /* Release */ = {
			isa = XCBuildConfiguration;
			buildSettings = {
				ALWAYS_SEARCH_USER_PATHS = NO;
				CLANG_ANALYZER_NONNULL = YES;
				CLANG_ANALYZER_NUMBER_OBJECT_CONVERSION = YES_AGGRESSIVE;
				CLANG_CXX_LANGUAGE_STANDARD = "gnu++14";
				CLANG_CXX_LIBRARY = "libc++";
				CLANG_ENABLE_MODULES = YES;
				CLANG_ENABLE_OBJC_ARC = YES;
				CLANG_ENABLE_OBJC_WEAK = YES;
				CLANG_WARN_BLOCK_CAPTURE_AUTORELEASING = YES;
				CLANG_WARN_BOOL_CONVERSION = YES;
				CLANG_WARN_COMMA = YES;
				CLANG_WARN_CONSTANT_CONVERSION = YES;
				CLANG_WARN_DEPRECATED_OBJC_IMPLEMENTATIONS = YES;
				CLANG_WARN_DIRECT_OBJC_ISA_USAGE = YES_ERROR;
				CLANG_WARN_DOCUMENTATION_COMMENTS = YES;
				CLANG_WARN_EMPTY_BODY = YES;
				CLANG_WARN_ENUM_CONVERSION = YES;
				CLANG_WARN_INFINITE_RECURSION = YES;
				CLANG_WARN_INT_CONVERSION = YES;
				CLANG_WARN_NON_LITERAL_NULL_CONVERSION = YES;
				CLANG_WARN_OBJC_IMPLICIT_RETAIN_SELF = YES;
				CLANG_WARN_OBJC_LITERAL_CONVERSION = YES;
				CLANG_WARN_OBJC_ROOT_CLASS = YES_ERROR;
				CLANG_WARN_RANGE_LOOP_ANALYSIS = YES;
				CLANG_WARN_STRICT_PROTOTYPES = YES;
				CLANG_WARN_SUSPICIOUS_MOVE = YES;
				CLANG_WARN_UNGUARDED_AVAILABILITY = YES_AGGRESSIVE;
				CLANG_WARN_UNREACHABLE_CODE = YES;
				CLANG_WARN__DUPLICATE_METHOD_MATCH = YES;
				COPY_PHASE_STRIP = NO;
				DEBUG_INFORMATION_FORMAT = "dwarf-with-dsym";
				ENABLE_NS_ASSERTIONS = NO;
				ENABLE_STRICT_OBJC_MSGSEND = YES;
				GCC_C_LANGUAGE_STANDARD = gnu11;
				GCC_NO_COMMON_BLOCKS = YES;
				GCC_WARN_64_TO_32_BIT_CONVERSION = YES;
				GCC_WARN_ABOUT_RETURN_TYPE = YES_ERROR;
				GCC_WARN_UNDECLARED_SELECTOR = YES;
				GCC_WARN_UNINITIALIZED_AUTOS = YES_AGGRESSIVE;
				GCC_WARN_UNUSED_FUNCTION = YES;
				GCC_WARN_UNUSED_VARIABLE = YES;
				IPHONEOS_DEPLOYMENT_TARGET = 13.2;
				MTL_ENABLE_DEBUG_INFO = NO;
				MTL_FAST_MATH = YES;
				SDKROOT = iphoneos;
				VALIDATE_PRODUCT = YES;
			};
			name = Release;
		};
		B153C56C246AD65A00B464C7 /* Debug */ = {
			isa = XCBuildConfiguration;
			buildSettings = {
				ASSETCATALOG_COMPILER_APPICON_NAME = AppIcon;
				CODE_SIGN_STYLE = Automatic;
				DEVELOPMENT_TEAM = PR6C39UQ38;
				INFOPLIST_FILE = Dummy/Info.plist;
				LD_RUNPATH_SEARCH_PATHS = (
					"$(inherited)",
					"@executable_path/Frameworks",
				);
				PRODUCT_BUNDLE_IDENTIFIER = com.vonage.Dummy;
				PRODUCT_NAME = "$(TARGET_NAME)";
				TARGETED_DEVICE_FAMILY = "1,2";
			};
			name = Debug;
		};
		B153C56D246AD65A00B464C7 /* Release */ = {
			isa = XCBuildConfiguration;
			buildSettings = {
				ASSETCATALOG_COMPILER_APPICON_NAME = AppIcon;
				CODE_SIGN_STYLE = Automatic;
				DEVELOPMENT_TEAM = PR6C39UQ38;
				INFOPLIST_FILE = Dummy/Info.plist;
				LD_RUNPATH_SEARCH_PATHS = (
					"$(inherited)",
					"@executable_path/Frameworks",
				);
				PRODUCT_BUNDLE_IDENTIFIER = com.vonage.Dummy;
				PRODUCT_NAME = "$(TARGET_NAME)";
				TARGETED_DEVICE_FAMILY = "1,2";
			};
			name = Release;
		};
/* End XCBuildConfiguration section */

/* Begin XCConfigurationList section */
		B153C54D246AD65800B464C7 /* Build configuration list for PBXProject "Dummy" */ = {
			isa = XCConfigurationList;
			buildConfigurations = (
				B153C569246AD65A00B464C7 /* Debug */,
				B153C56A246AD65A00B464C7 /* Release */,
			);
			defaultConfigurationIsVisible = 0;
			defaultConfigurationName = Release;
		};
		B153C56B246AD65A00B464C7 /* Build configuration list for PBXNativeTarget "Dummy" */ = {
			isa = XCConfigurationList;
			buildConfigurations = (
				B153C56C246AD65A00B464C7 /* Debug */,
				B153C56D246AD65A00B464C7 /* Release */,
			);
			defaultConfigurationIsVisible = 0;
			defaultConfigurationName = Release;
		};
/* End XCConfigurationList section */
	};
	rootObject = B153C54A246AD65800B464C7 /* Project object */;
}
